
Microsoft Visual Studio Solution File, Format Version 12.00
Project("{FAE04EC0-301F-11D3-BF4B-00C04F79EFBC}") = "System.IO.Abstractions.Analyzers", "System.IO.Abstractions.Analyzers\System.IO.Abstractions.Analyzers.csproj", "{220D98E4-533E-4A3D-82C5-02E8530FF698}"
EndProject
Project("{FAE04EC0-301F-11D3-BF4B-00C04F79EFBC}") = "Roslyn.Testing", "Roslyn.Testing\Roslyn.Testing.csproj", "{129198CC-F00E-470E-B504-5EE8E38DE16C}"
EndProject
Global
	GlobalSection(SolutionConfigurationPlatforms) = preSolution
		Debug|Any CPU = Debug|Any CPU
		Release|Any CPU = Release|Any CPU
	EndGlobalSection
	GlobalSection(ProjectConfigurationPlatforms) = postSolution
		{220D98E4-533E-4A3D-82C5-02E8530FF698}.Debug|Any CPU.ActiveCfg = Debug|Any CPU
		{220D98E4-533E-4A3D-82C5-02E8530FF698}.Debug|Any CPU.Build.0 = Debug|Any CPU
		{220D98E4-533E-4A3D-82C5-02E8530FF698}.Release|Any CPU.ActiveCfg = Release|Any CPU
		{220D98E4-533E-4A3D-82C5-02E8530FF698}.Release|Any CPU.Build.0 = Release|Any CPU
		{129198CC-F00E-470E-B504-5EE8E38DE16C}.Debug|Any CPU.ActiveCfg = Debug|Any CPU
		{129198CC-F00E-470E-B504-5EE8E38DE16C}.Debug|Any CPU.Build.0 = Debug|Any CPU
		{129198CC-F00E-470E-B504-5EE8E38DE16C}.Release|Any CPU.ActiveCfg = Release|Any CPU
		{129198CC-F00E-470E-B504-5EE8E38DE16C}.Release|Any CPU.Build.0 = Release|Any CPU
	EndGlobalSection
EndGlobal
